
Microsoft Visual Studio Solution File, Format Version 12.00
# Visual Studio Version 17
VisualStudioVersion = 17.3.32811.315
MinimumVisualStudioVersion = 10.0.40219.1
Project("{9A19103F-16F7-4668-BE54-9A1E7A4F7556}") = "MainApp", "MainApp\MainApp.csproj", "{46CD2F92-DF76-4CB2-ACE6-4D441B2C8BE0}"
EndProject
Project("{9A19103F-16F7-4668-BE54-9A1E7A4F7556}") = "MyPlugin", "MyPlugin\MyPlugin.csproj", "{E039E734-D327-4719-8066-CEAF182D13D1}"
EndProject
Project("{FAE04EC0-301F-11D3-BF4B-00C04F79EFBC}") = "Components", "Components\Components.csproj", "{ABA2758F-F243-43F2-BF5D-54ADAB7BCBD2}"
EndProject
Global
	GlobalSection(SolutionConfigurationPlatforms) = preSolution
		Debug|Any CPU = Debug|Any CPU
		Release|Any CPU = Release|Any CPU
	EndGlobalSection
	GlobalSection(ProjectConfigurationPlatforms) = postSolution
		{46CD2F92-DF76-4CB2-ACE6-4D441B2C8BE0}.Debug|Any CPU.ActiveCfg = Debug|Any CPU
		{46CD2F92-DF76-4CB2-ACE6-4D441B2C8BE0}.Debug|Any CPU.Build.0 = Debug|Any CPU
		{46CD2F92-DF76-4CB2-ACE6-4D441B2C8BE0}.Release|Any CPU.ActiveCfg = Release|Any CPU
		{46CD2F92-DF76-4CB2-ACE6-4D441B2C8BE0}.Release|Any CPU.Build.0 = Release|Any CPU
		{E039E734-D327-4719-8066-CEAF182D13D1}.Debug|Any CPU.ActiveCfg = Debug|Any CPU
		{E039E734-D327-4719-8066-CEAF182D13D1}.Debug|Any CPU.Build.0 = Debug|Any CPU
		{E039E734-D327-4719-8066-CEAF182D13D1}.Release|Any CPU.ActiveCfg = Release|Any CPU
		{E039E734-D327-4719-8066-CEAF182D13D1}.Release|Any CPU.Build.0 = Release|Any CPU
		{ABA2758F-F243-43F2-BF5D-54ADAB7BCBD2}.Debug|Any CPU.ActiveCfg = Debug|Any CPU
		{ABA2758F-F243-43F2-BF5D-54ADAB7BCBD2}.Debug|Any CPU.Build.0 = Debug|Any CPU
		{ABA2758F-F243-43F2-BF5D-54ADAB7BCBD2}.Release|Any CPU.ActiveCfg = Release|Any CPU
		{ABA2758F-F243-43F2-BF5D-54ADAB7BCBD2}.Release|Any CPU.Build.0 = Release|Any CPU
	EndGlobalSection
	GlobalSection(SolutionProperties) = preSolution
		HideSolutionNode = FALSE
	EndGlobalSection
	GlobalSection(ExtensibilityGlobals) = postSolution
		SolutionGuid = {BEB553BF-BB30-4C93-957F-EC7AAD55AFC6}
	EndGlobalSection
EndGlobal
